// !$*UTF8*$!
{
	archiveVersion = 1;
	classes = {
	};
	objectVersion = 56;
	objects = {

/* Begin PBXBuildFile section */
		45EF357BF3592A2D5D03DAA8 /* Pods_uikit_experiment.framework in Frameworks */ = {isa = PBXBuildFile; fileRef = 552613219A23BA444CBC931A /* Pods_uikit_experiment.framework */; };
		6559FE062BD0774E003EC926 /* Coordinator.swift in Sources */ = {isa = PBXBuildFile; fileRef = 6559FE052BD0774E003EC926 /* Coordinator.swift */; };
		6559FE092BD07836003EC926 /* HomeViewController.swift in Sources */ = {isa = PBXBuildFile; fileRef = 6559FE082BD07836003EC926 /* HomeViewController.swift */; };
		6559FE0C2BD07A36003EC926 /* UEViewController.swift in Sources */ = {isa = PBXBuildFile; fileRef = 6559FE0B2BD07A36003EC926 /* UEViewController.swift */; };
		6559FE0E2BD07B18003EC926 /* AppCoordinator.swift in Sources */ = {isa = PBXBuildFile; fileRef = 6559FE0D2BD07B18003EC926 /* AppCoordinator.swift */; };
		6559FE132BD087C0003EC926 /* ColorPickerViewController.swift in Sources */ = {isa = PBXBuildFile; fileRef = 6559FE122BD087C0003EC926 /* ColorPickerViewController.swift */; };
		65E95D4C2BD026AF00B3F86B /* AppDelegate.swift in Sources */ = {isa = PBXBuildFile; fileRef = 65E95D4B2BD026AF00B3F86B /* AppDelegate.swift */; };
		65E95D552BD026AF00B3F86B /* Assets.xcassets in Resources */ = {isa = PBXBuildFile; fileRef = 65E95D542BD026AF00B3F86B /* Assets.xcassets */; };
		65E95D582BD026AF00B3F86B /* Base in Resources */ = {isa = PBXBuildFile; fileRef = 65E95D572BD026AF00B3F86B /* Base */; };
/* End PBXBuildFile section */

/* Begin PBXFileReference section */
		28B95CB4ED9FABEACD795184 /* Pods-uikit-experiment.debug.xcconfig */ = {isa = PBXFileReference; includeInIndex = 1; lastKnownFileType = text.xcconfig; name = "Pods-uikit-experiment.debug.xcconfig"; path = "Target Support Files/Pods-uikit-experiment/Pods-uikit-experiment.debug.xcconfig"; sourceTree = "<group>"; };
		552613219A23BA444CBC931A /* Pods_uikit_experiment.framework */ = {isa = PBXFileReference; explicitFileType = wrapper.framework; includeInIndex = 0; path = Pods_uikit_experiment.framework; sourceTree = BUILT_PRODUCTS_DIR; };
		6559FE052BD0774E003EC926 /* Coordinator.swift */ = {isa = PBXFileReference; lastKnownFileType = sourcecode.swift; path = Coordinator.swift; sourceTree = "<group>"; };
		6559FE082BD07836003EC926 /* HomeViewController.swift */ = {isa = PBXFileReference; lastKnownFileType = sourcecode.swift; path = HomeViewController.swift; sourceTree = "<group>"; };
		6559FE0B2BD07A36003EC926 /* UEViewController.swift */ = {isa = PBXFileReference; lastKnownFileType = sourcecode.swift; path = UEViewController.swift; sourceTree = "<group>"; };
		6559FE0D2BD07B18003EC926 /* AppCoordinator.swift */ = {isa = PBXFileReference; lastKnownFileType = sourcecode.swift; path = AppCoordinator.swift; sourceTree = "<group>"; };
		6559FE122BD087C0003EC926 /* ColorPickerViewController.swift */ = {isa = PBXFileReference; lastKnownFileType = sourcecode.swift; path = ColorPickerViewController.swift; sourceTree = "<group>"; };
		65E95D482BD026AF00B3F86B /* uikit-experiment.app */ = {isa = PBXFileReference; explicitFileType = wrapper.application; includeInIndex = 0; path = "uikit-experiment.app"; sourceTree = BUILT_PRODUCTS_DIR; };
		65E95D4B2BD026AF00B3F86B /* AppDelegate.swift */ = {isa = PBXFileReference; lastKnownFileType = sourcecode.swift; path = AppDelegate.swift; sourceTree = "<group>"; };
		65E95D542BD026AF00B3F86B /* Assets.xcassets */ = {isa = PBXFileReference; lastKnownFileType = folder.assetcatalog; path = Assets.xcassets; sourceTree = "<group>"; };
		65E95D572BD026AF00B3F86B /* Base */ = {isa = PBXFileReference; lastKnownFileType = file.storyboard; name = Base; path = Base.lproj/LaunchScreen.storyboard; sourceTree = "<group>"; };
		65E95D592BD026AF00B3F86B /* Info.plist */ = {isa = PBXFileReference; lastKnownFileType = text.plist.xml; path = Info.plist; sourceTree = "<group>"; };
		C8FDEA92FECE4FF5AF09A480 /* Pods-uikit-experiment.release.xcconfig */ = {isa = PBXFileReference; includeInIndex = 1; lastKnownFileType = text.xcconfig; name = "Pods-uikit-experiment.release.xcconfig"; path = "Target Support Files/Pods-uikit-experiment/Pods-uikit-experiment.release.xcconfig"; sourceTree = "<group>"; };
/* End PBXFileReference section */

/* Begin PBXFrameworksBuildPhase section */
		65E95D452BD026AE00B3F86B /* Frameworks */ = {
			isa = PBXFrameworksBuildPhase;
			buildActionMask = 2147483647;
			files = (
				45EF357BF3592A2D5D03DAA8 /* Pods_uikit_experiment.framework in Frameworks */,
			);
			runOnlyForDeploymentPostprocessing = 0;
		};
/* End PBXFrameworksBuildPhase section */

/* Begin PBXGroup section */
		52C0376D6E5B69F40DBD722A /* Pods */ = {
			isa = PBXGroup;
			children = (
				28B95CB4ED9FABEACD795184 /* Pods-uikit-experiment.debug.xcconfig */,
				C8FDEA92FECE4FF5AF09A480 /* Pods-uikit-experiment.release.xcconfig */,
			);
			path = Pods;
			sourceTree = "<group>";
		};
		6559FE042BD07733003EC926 /* Coordinator */ = {
			isa = PBXGroup;
			children = (
				6559FE052BD0774E003EC926 /* Coordinator.swift */,
				6559FE0D2BD07B18003EC926 /* AppCoordinator.swift */,
			);
			path = Coordinator;
			sourceTree = "<group>";
		};
		6559FE072BD07829003EC926 /* Home */ = {
			isa = PBXGroup;
			children = (
				6559FE082BD07836003EC926 /* HomeViewController.swift */,
			);
			path = Home;
			sourceTree = "<group>";
		};
		6559FE0A2BD079FE003EC926 /* Components */ = {
			isa = PBXGroup;
			children = (
				6559FE0B2BD07A36003EC926 /* UEViewController.swift */,
			);
			path = Components;
			sourceTree = "<group>";
		};
		6559FE112BD087AB003EC926 /* ColorPicker */ = {
			isa = PBXGroup;
			children = (
				6559FE122BD087C0003EC926 /* ColorPickerViewController.swift */,
			);
			path = ColorPicker;
			sourceTree = "<group>";
		};
		65E95D3F2BD026AE00B3F86B = {
			isa = PBXGroup;
			children = (
				65E95D4A2BD026AF00B3F86B /* uikit-experiment */,
				65E95D492BD026AF00B3F86B /* Products */,
				52C0376D6E5B69F40DBD722A /* Pods */,
				F5A4B0A41A3BAFE288D6527A /* Frameworks */,
			);
			sourceTree = "<group>";
		};
		65E95D492BD026AF00B3F86B /* Products */ = {
			isa = PBXGroup;
			children = (
				65E95D482BD026AF00B3F86B /* uikit-experiment.app */,
			);
			name = Products;
			sourceTree = "<group>";
		};
		65E95D4A2BD026AF00B3F86B /* uikit-experiment */ = {
			isa = PBXGroup;
			children = (
				65E95D5F2BD026C000B3F86B /* Application */,
				65E95D602BD026E700B3F86B /* Resources */,
				6559FE042BD07733003EC926 /* Coordinator */,
				6559FE0A2BD079FE003EC926 /* Components */,
				65E95D612BD026F000B3F86B /* Sections */,
			);
			path = "uikit-experiment";
			sourceTree = "<group>";
		};
		65E95D5F2BD026C000B3F86B /* Application */ = {
			isa = PBXGroup;
			children = (
				65E95D4B2BD026AF00B3F86B /* AppDelegate.swift */,
				65E95D592BD026AF00B3F86B /* Info.plist */,
			);
			path = Application;
			sourceTree = "<group>";
		};
		65E95D602BD026E700B3F86B /* Resources */ = {
			isa = PBXGroup;
			children = (
				65E95D542BD026AF00B3F86B /* Assets.xcassets */,
				65E95D562BD026AF00B3F86B /* LaunchScreen.storyboard */,
			);
			path = Resources;
			sourceTree = "<group>";
		};
		65E95D612BD026F000B3F86B /* Sections */ = {
			isa = PBXGroup;
			children = (
				6559FE072BD07829003EC926 /* Home */,
				6559FE112BD087AB003EC926 /* ColorPicker */,
			);
			path = Sections;
			sourceTree = "<group>";
		};
		F5A4B0A41A3BAFE288D6527A /* Frameworks */ = {
			isa = PBXGroup;
			children = (
				552613219A23BA444CBC931A /* Pods_uikit_experiment.framework */,
			);
			name = Frameworks;
			sourceTree = "<group>";
		};
/* End PBXGroup section */

/* Begin PBXNativeTarget section */
		65E95D472BD026AE00B3F86B /* uikit-experiment */ = {
			isa = PBXNativeTarget;
			buildConfigurationList = 65E95D5C2BD026AF00B3F86B /* Build configuration list for PBXNativeTarget "uikit-experiment" */;
			buildPhases = (
				FBA2B798660FE12A6B10F7AA /* [CP] Check Pods Manifest.lock */,
				65E95D442BD026AE00B3F86B /* Sources */,
				65E95D452BD026AE00B3F86B /* Frameworks */,
				65E95D462BD026AE00B3F86B /* Resources */,
				F82DA9570513E275EED88CF6 /* [CP] Embed Pods Frameworks */,
			);
			buildRules = (
			);
			dependencies = (
			);
			name = "uikit-experiment";
			productName = "uikit-experiment";
			productReference = 65E95D482BD026AF00B3F86B /* uikit-experiment.app */;
			productType = "com.apple.product-type.application";
		};
/* End PBXNativeTarget section */

/* Begin PBXProject section */
		65E95D402BD026AE00B3F86B /* Project object */ = {
			isa = PBXProject;
			attributes = {
				BuildIndependentTargetsInParallel = 1;
				LastSwiftUpdateCheck = 1530;
				LastUpgradeCheck = 1530;
				TargetAttributes = {
					65E95D472BD026AE00B3F86B = {
						CreatedOnToolsVersion = 15.3;
					};
				};
			};
			buildConfigurationList = 65E95D432BD026AE00B3F86B /* Build configuration list for PBXProject "uikit-experiment" */;
			compatibilityVersion = "Xcode 14.0";
			developmentRegion = en;
			hasScannedForEncodings = 0;
			knownRegions = (
				en,
				Base,
			);
			mainGroup = 65E95D3F2BD026AE00B3F86B;
			productRefGroup = 65E95D492BD026AF00B3F86B /* Products */;
			projectDirPath = "";
			projectRoot = "";
			targets = (
				65E95D472BD026AE00B3F86B /* uikit-experiment */,
			);
		};
/* End PBXProject section */

/* Begin PBXResourcesBuildPhase section */
		65E95D462BD026AE00B3F86B /* Resources */ = {
			isa = PBXResourcesBuildPhase;
			buildActionMask = 2147483647;
			files = (
				65E95D552BD026AF00B3F86B /* Assets.xcassets in Resources */,
				65E95D582BD026AF00B3F86B /* Base in Resources */,
			);
			runOnlyForDeploymentPostprocessing = 0;
		};
/* End PBXResourcesBuildPhase section */

/* Begin PBXShellScriptBuildPhase section */
		F82DA9570513E275EED88CF6 /* [CP] Embed Pods Frameworks */ = {
			isa = PBXShellScriptBuildPhase;
			buildActionMask = 2147483647;
			files = (
			);
			inputFileListPaths = (
				"${PODS_ROOT}/Target Support Files/Pods-uikit-experiment/Pods-uikit-experiment-frameworks-${CONFIGURATION}-input-files.xcfilelist",
			);
			name = "[CP] Embed Pods Frameworks";
			outputFileListPaths = (
				"${PODS_ROOT}/Target Support Files/Pods-uikit-experiment/Pods-uikit-experiment-frameworks-${CONFIGURATION}-output-files.xcfilelist",
			);
			runOnlyForDeploymentPostprocessing = 0;
			shellPath = /bin/sh;
			shellScript = "\"${PODS_ROOT}/Target Support Files/Pods-uikit-experiment/Pods-uikit-experiment-frameworks.sh\"\n";
			showEnvVarsInLog = 0;
		};
		FBA2B798660FE12A6B10F7AA /* [CP] Check Pods Manifest.lock */ = {
			isa = PBXShellScriptBuildPhase;
			buildActionMask = 2147483647;
			files = (
			);
			inputFileListPaths = (
			);
			inputPaths = (
				"${PODS_PODFILE_DIR_PATH}/Podfile.lock",
				"${PODS_ROOT}/Manifest.lock",
			);
			name = "[CP] Check Pods Manifest.lock";
			outputFileListPaths = (
			);
			outputPaths = (
				"$(DERIVED_FILE_DIR)/Pods-uikit-experiment-checkManifestLockResult.txt",
			);
			runOnlyForDeploymentPostprocessing = 0;
			shellPath = /bin/sh;
			shellScript = "diff \"${PODS_PODFILE_DIR_PATH}/Podfile.lock\" \"${PODS_ROOT}/Manifest.lock\" > /dev/null\nif [ $? != 0 ] ; then\n    # print error to STDERR\n    echo \"error: The sandbox is not in sync with the Podfile.lock. Run 'pod install' or update your CocoaPods installation.\" >&2\n    exit 1\nfi\n# This output is used by Xcode 'outputs' to avoid re-running this script phase.\necho \"SUCCESS\" > \"${SCRIPT_OUTPUT_FILE_0}\"\n";
			showEnvVarsInLog = 0;
		};
/* End PBXShellScriptBuildPhase section */

/* Begin PBXSourcesBuildPhase section */
		65E95D442BD026AE00B3F86B /* Sources */ = {
			isa = PBXSourcesBuildPhase;
			buildActionMask = 2147483647;
			files = (
				6559FE0C2BD07A36003EC926 /* UEViewController.swift in Sources */,
				65E95D4C2BD026AF00B3F86B /* AppDelegate.swift in Sources */,
				6559FE132BD087C0003EC926 /* ColorPickerViewController.swift in Sources */,
				6559FE0E2BD07B18003EC926 /* AppCoordinator.swift in Sources */,
				6559FE062BD0774E003EC926 /* Coordinator.swift in Sources */,
				6559FE092BD07836003EC926 /* HomeViewController.swift in Sources */,
			);
			runOnlyForDeploymentPostprocessing = 0;
		};
/* End PBXSourcesBuildPhase section */

/* Begin PBXVariantGroup section */
		65E95D562BD026AF00B3F86B /* LaunchScreen.storyboard */ = {
			isa = PBXVariantGroup;
			children = (
				65E95D572BD026AF00B3F86B /* Base */,
			);
			name = LaunchScreen.storyboard;
			sourceTree = "<group>";
		};
/* End PBXVariantGroup section */

/* Begin XCBuildConfiguration section */
		65E95D5A2BD026AF00B3F86B /* Debug */ = {
			isa = XCBuildConfiguration;
			buildSettings = {
				ALWAYS_SEARCH_USER_PATHS = NO;
				ASSETCATALOG_COMPILER_GENERATE_SWIFT_ASSET_SYMBOL_EXTENSIONS = YES;
				CLANG_ANALYZER_NONNULL = YES;
				CLANG_ANALYZER_NUMBER_OBJECT_CONVERSION = YES_AGGRESSIVE;
				CLANG_CXX_LANGUAGE_STANDARD = "gnu++20";
				CLANG_ENABLE_MODULES = YES;
				CLANG_ENABLE_OBJC_ARC = YES;
				CLANG_ENABLE_OBJC_WEAK = YES;
				CLANG_WARN_BLOCK_CAPTURE_AUTORELEASING = YES;
				CLANG_WARN_BOOL_CONVERSION = YES;
				CLANG_WARN_COMMA = YES;
				CLANG_WARN_CONSTANT_CONVERSION = YES;
				CLANG_WARN_DEPRECATED_OBJC_IMPLEMENTATIONS = YES;
				CLANG_WARN_DIRECT_OBJC_ISA_USAGE = YES_ERROR;
				CLANG_WARN_DOCUMENTATION_COMMENTS = YES;
				CLANG_WARN_EMPTY_BODY = YES;
				CLANG_WARN_ENUM_CONVERSION = YES;
				CLANG_WARN_INFINITE_RECURSION = YES;
				CLANG_WARN_INT_CONVERSION = YES;
				CLANG_WARN_NON_LITERAL_NULL_CONVERSION = YES;
				CLANG_WARN_OBJC_IMPLICIT_RETAIN_SELF = YES;
				CLANG_WARN_OBJC_LITERAL_CONVERSION = YES;
				CLANG_WARN_OBJC_ROOT_CLASS = YES_ERROR;
				CLANG_WARN_QUOTED_INCLUDE_IN_FRAMEWORK_HEADER = YES;
				CLANG_WARN_RANGE_LOOP_ANALYSIS = YES;
				CLANG_WARN_STRICT_PROTOTYPES = YES;
				CLANG_WARN_SUSPICIOUS_MOVE = YES;
				CLANG_WARN_UNGUARDED_AVAILABILITY = YES_AGGRESSIVE;
				CLANG_WARN_UNREACHABLE_CODE = YES;
				CLANG_WARN__DUPLICATE_METHOD_MATCH = YES;
				COPY_PHASE_STRIP = NO;
				DEBUG_INFORMATION_FORMAT = dwarf;
				ENABLE_STRICT_OBJC_MSGSEND = YES;
				ENABLE_TESTABILITY = YES;
				ENABLE_USER_SCRIPT_SANDBOXING = YES;
				GCC_C_LANGUAGE_STANDARD = gnu17;
				GCC_DYNAMIC_NO_PIC = NO;
				GCC_NO_COMMON_BLOCKS = YES;
				GCC_OPTIMIZATION_LEVEL = 0;
				GCC_PREPROCESSOR_DEFINITIONS = (
					"DEBUG=1",
					"$(inherited)",
				);
				GCC_WARN_64_TO_32_BIT_CONVERSION = YES;
				GCC_WARN_ABOUT_RETURN_TYPE = YES_ERROR;
				GCC_WARN_UNDECLARED_SELECTOR = YES;
				GCC_WARN_UNINITIALIZED_AUTOS = YES_AGGRESSIVE;
				GCC_WARN_UNUSED_FUNCTION = YES;
				GCC_WARN_UNUSED_VARIABLE = YES;
				IPHONEOS_DEPLOYMENT_TARGET = 17.4;
				LOCALIZATION_PREFERS_STRING_CATALOGS = YES;
				MTL_ENABLE_DEBUG_INFO = INCLUDE_SOURCE;
				MTL_FAST_MATH = YES;
				ONLY_ACTIVE_ARCH = YES;
				SDKROOT = iphoneos;
				SWIFT_ACTIVE_COMPILATION_CONDITIONS = "DEBUG $(inherited)";
				SWIFT_OPTIMIZATION_LEVEL = "-Onone";
			};
			name = Debug;
		};
		65E95D5B2BD026AF00B3F86B /* Release */ = {
			isa = XCBuildConfiguration;
			buildSettings = {
				ALWAYS_SEARCH_USER_PATHS = NO;
				ASSETCATALOG_COMPILER_GENERATE_SWIFT_ASSET_SYMBOL_EXTENSIONS = YES;
				CLANG_ANALYZER_NONNULL = YES;
				CLANG_ANALYZER_NUMBER_OBJECT_CONVERSION = YES_AGGRESSIVE;
				CLANG_CXX_LANGUAGE_STANDARD = "gnu++20";
				CLANG_ENABLE_MODULES = YES;
				CLANG_ENABLE_OBJC_ARC = YES;
				CLANG_ENABLE_OBJC_WEAK = YES;
				CLANG_WARN_BLOCK_CAPTURE_AUTORELEASING = YES;
				CLANG_WARN_BOOL_CONVERSION = YES;
				CLANG_WARN_COMMA = YES;
				CLANG_WARN_CONSTANT_CONVERSION = YES;
				CLANG_WARN_DEPRECATED_OBJC_IMPLEMENTATIONS = YES;
				CLANG_WARN_DIRECT_OBJC_ISA_USAGE = YES_ERROR;
				CLANG_WARN_DOCUMENTATION_COMMENTS = YES;
				CLANG_WARN_EMPTY_BODY = YES;
				CLANG_WARN_ENUM_CONVERSION = YES;
				CLANG_WARN_INFINITE_RECURSION = YES;
				CLANG_WARN_INT_CONVERSION = YES;
				CLANG_WARN_NON_LITERAL_NULL_CONVERSION = YES;
				CLANG_WARN_OBJC_IMPLICIT_RETAIN_SELF = YES;
				CLANG_WARN_OBJC_LITERAL_CONVERSION = YES;
				CLANG_WARN_OBJC_ROOT_CLASS = YES_ERROR;
				CLANG_WARN_QUOTED_INCLUDE_IN_FRAMEWORK_HEADER = YES;
				CLANG_WARN_RANGE_LOOP_ANALYSIS = YES;
				CLANG_WARN_STRICT_PROTOTYPES = YES;
				CLANG_WARN_SUSPICIOUS_MOVE = YES;
				CLANG_WARN_UNGUARDED_AVAILABILITY = YES_AGGRESSIVE;
				CLANG_WARN_UNREACHABLE_CODE = YES;
				CLANG_WARN__DUPLICATE_METHOD_MATCH = YES;
				COPY_PHASE_STRIP = NO;
				DEBUG_INFORMATION_FORMAT = "dwarf-with-dsym";
				ENABLE_NS_ASSERTIONS = NO;
				ENABLE_STRICT_OBJC_MSGSEND = YES;
				ENABLE_USER_SCRIPT_SANDBOXING = YES;
				GCC_C_LANGUAGE_STANDARD = gnu17;
				GCC_NO_COMMON_BLOCKS = YES;
				GCC_WARN_64_TO_32_BIT_CONVERSION = YES;
				GCC_WARN_ABOUT_RETURN_TYPE = YES_ERROR;
				GCC_WARN_UNDECLARED_SELECTOR = YES;
				GCC_WARN_UNINITIALIZED_AUTOS = YES_AGGRESSIVE;
				GCC_WARN_UNUSED_FUNCTION = YES;
				GCC_WARN_UNUSED_VARIABLE = YES;
				IPHONEOS_DEPLOYMENT_TARGET = 17.4;
				LOCALIZATION_PREFERS_STRING_CATALOGS = YES;
				MTL_ENABLE_DEBUG_INFO = NO;
				MTL_FAST_MATH = YES;
				SDKROOT = iphoneos;
				SWIFT_COMPILATION_MODE = wholemodule;
				VALIDATE_PRODUCT = YES;
			};
			name = Release;
		};
		65E95D5D2BD026AF00B3F86B /* Debug */ = {
			isa = XCBuildConfiguration;
			baseConfigurationReference = 28B95CB4ED9FABEACD795184 /* Pods-uikit-experiment.debug.xcconfig */;
			buildSettings = {
				ASSETCATALOG_COMPILER_APPICON_NAME = AppIcon;
				ASSETCATALOG_COMPILER_GLOBAL_ACCENT_COLOR_NAME = AccentColor;
				CODE_SIGN_STYLE = Automatic;
				CURRENT_PROJECT_VERSION = 1;
				DEVELOPMENT_TEAM = 6QJFWMSLWU;
				ENABLE_USER_SCRIPT_SANDBOXING = NO;
				GENERATE_INFOPLIST_FILE = YES;
				INFOPLIST_FILE = "uikit-experiment/Application/Info.plist";
				INFOPLIST_KEY_UIApplicationSupportsIndirectInputEvents = YES;
				INFOPLIST_KEY_UILaunchStoryboardName = LaunchScreen;
				INFOPLIST_KEY_UISupportedInterfaceOrientations_iPad = "UIInterfaceOrientationPortrait UIInterfaceOrientationPortraitUpsideDown UIInterfaceOrientationLandscapeLeft UIInterfaceOrientationLandscapeRight";
				INFOPLIST_KEY_UISupportedInterfaceOrientations_iPhone = "UIInterfaceOrientationPortrait UIInterfaceOrientationLandscapeLeft UIInterfaceOrientationLandscapeRight";
				LD_RUNPATH_SEARCH_PATHS = (
					"$(inherited)",
					"@executable_path/Frameworks",
				);
				MARKETING_VERSION = 1.0;
				PRODUCT_BUNDLE_IDENTIFIER = "com.augustoavelino.uikit-experiment";
				PRODUCT_NAME = "$(TARGET_NAME)";
				SWIFT_EMIT_LOC_STRINGS = YES;
				SWIFT_VERSION = 5.0;
				TARGETED_DEVICE_FAMILY = "1,2";
			};
			name = Debug;
		};
		65E95D5E2BD026AF00B3F86B /* Release */ = {
			isa = XCBuildConfiguration;
			baseConfigurationReference = C8FDEA92FECE4FF5AF09A480 /* Pods-uikit-experiment.release.xcconfig */;
			buildSettings = {
				ASSETCATALOG_COMPILER_APPICON_NAME = AppIcon;
				ASSETCATALOG_COMPILER_GLOBAL_ACCENT_COLOR_NAME = AccentColor;
				CODE_SIGN_STYLE = Automatic;
				CURRENT_PROJECT_VERSION = 1;
				DEVELOPMENT_TEAM = 6QJFWMSLWU;
				ENABLE_USER_SCRIPT_SANDBOXING = NO;
				GENERATE_INFOPLIST_FILE = YES;
				INFOPLIST_FILE = "uikit-experiment/Application/Info.plist";
				INFOPLIST_KEY_UIApplicationSupportsIndirectInputEvents = YES;
				INFOPLIST_KEY_UILaunchStoryboardName = LaunchScreen;
				INFOPLIST_KEY_UISupportedInterfaceOrientations_iPad = "UIInterfaceOrientationPortrait UIInterfaceOrientationPortraitUpsideDown UIInterfaceOrientationLandscapeLeft UIInterfaceOrientationLandscapeRight";
				INFOPLIST_KEY_UISupportedInterfaceOrientations_iPhone = "UIInterfaceOrientationPortrait UIInterfaceOrientationLandscapeLeft UIInterfaceOrientationLandscapeRight";
				LD_RUNPATH_SEARCH_PATHS = (
					"$(inherited)",
					"@executable_path/Frameworks",
				);
				MARKETING_VERSION = 1.0;
				PRODUCT_BUNDLE_IDENTIFIER = "com.augustoavelino.uikit-experiment";
				PRODUCT_NAME = "$(TARGET_NAME)";
				SWIFT_EMIT_LOC_STRINGS = YES;
				SWIFT_VERSION = 5.0;
				TARGETED_DEVICE_FAMILY = "1,2";
			};
			name = Release;
		};
/* End XCBuildConfiguration section */

/* Begin XCConfigurationList section */
		65E95D432BD026AE00B3F86B /* Build configuration list for PBXProject "uikit-experiment" */ = {
			isa = XCConfigurationList;
			buildConfigurations = (
				65E95D5A2BD026AF00B3F86B /* Debug */,
				65E95D5B2BD026AF00B3F86B /* Release */,
			);
			defaultConfigurationIsVisible = 0;
			defaultConfigurationName = Release;
		};
		65E95D5C2BD026AF00B3F86B /* Build configuration list for PBXNativeTarget "uikit-experiment" */ = {
			isa = XCConfigurationList;
			buildConfigurations = (
				65E95D5D2BD026AF00B3F86B /* Debug */,
				65E95D5E2BD026AF00B3F86B /* Release */,
			);
			defaultConfigurationIsVisible = 0;
			defaultConfigurationName = Release;
		};
/* End XCConfigurationList section */
	};
	rootObject = 65E95D402BD026AE00B3F86B /* Project object */;
}
